
Microsoft Visual Studio Solution File, Format Version 12.00
# Visual Studio Version 17
VisualStudioVersion = 17.14.36717.8 d17.14
MinimumVisualStudioVersion = 10.0.40219.1
Project("{8BC9CEB8-8B4A-11D0-8D11-00A0C91BC942}") = "1.62Oppie1MorExceptinExmple", "1.62Oppie1MorExceptinExmple\1.62Oppie1MorExceptinExmple.vcxproj", "{D7848845-9892-4A26-ACF4-4BB2F4E0D60C}"
EndProject
Global
	GlobalSection(SolutionConfigurationPlatforms) = preSolution
		Debug|x64 = Debug|x64
		Debug|x86 = Debug|x86
		Release|x64 = Release|x64
		Release|x86 = Release|x86
	EndGlobalSection
	GlobalSection(ProjectConfigurationPlatforms) = postSolution
		{D7848845-9892-4A26-ACF4-4BB2F4E0D60C}.Debug|x64.ActiveCfg = Debug|x64
		{D7848845-9892-4A26-ACF4-4BB2F4E0D60C}.Debug|x64.Build.0 = Debug|x64
		{D7848845-9892-4A26-ACF4-4BB2F4E0D60C}.Debug|x86.ActiveCfg = Debug|Win32
		{D7848845-9892-4A26-ACF4-4BB2F4E0D60C}.Debug|x86.Build.0 = Debug|Win32
		{D7848845-9892-4A26-ACF4-4BB2F4E0D60C}.Release|x64.ActiveCfg = Release|x64
		{D7848845-9892-4A26-ACF4-4BB2F4E0D60C}.Release|x64.Build.0 = Release|x64
		{D7848845-9892-4A26-ACF4-4BB2F4E0D60C}.Release|x86.ActiveCfg = Release|Win32
		{D7848845-9892-4A26-ACF4-4BB2F4E0D60C}.Release|x86.Build.0 = Release|Win32
	EndGlobalSection
	GlobalSection(SolutionProperties) = preSolution
		HideSolutionNode = FALSE
	EndGlobalSection
	GlobalSection(ExtensibilityGlobals) = postSolution
		SolutionGuid = {0FD76956-376C-4BF5-BE6A-86A893A13ED5}
	EndGlobalSection
EndGlobal
