
Microsoft Visual Studio Solution File, Format Version 12.00
# Visual Studio Version 17
VisualStudioVersion = 17.14.36717.8 d17.14
MinimumVisualStudioVersion = 10.0.40219.1
Project("{8BC9CEB8-8B4A-11D0-8D11-00A0C91BC942}") = "2.30OppieRecursionJNtes", "2.30OppieRecursionJNtes\2.30OppieRecursionJNtes.vcxproj", "{4BF8EC29-8A5E-4A8D-B697-DD58FB001B68}"
EndProject
Global
	GlobalSection(SolutionConfigurationPlatforms) = preSolution
		Debug|x64 = Debug|x64
		Debug|x86 = Debug|x86
		Release|x64 = Release|x64
		Release|x86 = Release|x86
	EndGlobalSection
	GlobalSection(ProjectConfigurationPlatforms) = postSolution
		{4BF8EC29-8A5E-4A8D-B697-DD58FB001B68}.Debug|x64.ActiveCfg = Debug|x64
		{4BF8EC29-8A5E-4A8D-B697-DD58FB001B68}.Debug|x64.Build.0 = Debug|x64
		{4BF8EC29-8A5E-4A8D-B697-DD58FB001B68}.Debug|x86.ActiveCfg = Debug|Win32
		{4BF8EC29-8A5E-4A8D-B697-DD58FB001B68}.Debug|x86.Build.0 = Debug|Win32
		{4BF8EC29-8A5E-4A8D-B697-DD58FB001B68}.Release|x64.ActiveCfg = Release|x64
		{4BF8EC29-8A5E-4A8D-B697-DD58FB001B68}.Release|x64.Build.0 = Release|x64
		{4BF8EC29-8A5E-4A8D-B697-DD58FB001B68}.Release|x86.ActiveCfg = Release|Win32
		{4BF8EC29-8A5E-4A8D-B697-DD58FB001B68}.Release|x86.Build.0 = Release|Win32
	EndGlobalSection
	GlobalSection(SolutionProperties) = preSolution
		HideSolutionNode = FALSE
	EndGlobalSection
	GlobalSection(ExtensibilityGlobals) = postSolution
		SolutionGuid = {7DFDB5D1-267A-421E-AB16-3F62233D9586}
	EndGlobalSection
EndGlobal
