
Microsoft Visual Studio Solution File, Format Version 12.00
# Visual Studio Version 17
VisualStudioVersion = 17.14.36908.2 d17.14
MinimumVisualStudioVersion = 10.0.40219.1
Project("{8BC9CEB8-8B4A-11D0-8D11-00A0C91BC942}") = "1.22Oppie1StockMktSimJNtes", "1.22Oppie1StockMktSimJNtes\1.22Oppie1StockMktSimJNtes.vcxproj", "{8DDF0731-7EBD-4965-AF67-BCFE4D9CFB5A}"
EndProject
Global
	GlobalSection(SolutionConfigurationPlatforms) = preSolution
		Debug|x64 = Debug|x64
		Debug|x86 = Debug|x86
		Release|x64 = Release|x64
		Release|x86 = Release|x86
	EndGlobalSection
	GlobalSection(ProjectConfigurationPlatforms) = postSolution
		{8DDF0731-7EBD-4965-AF67-BCFE4D9CFB5A}.Debug|x64.ActiveCfg = Debug|x64
		{8DDF0731-7EBD-4965-AF67-BCFE4D9CFB5A}.Debug|x64.Build.0 = Debug|x64
		{8DDF0731-7EBD-4965-AF67-BCFE4D9CFB5A}.Debug|x86.ActiveCfg = Debug|Win32
		{8DDF0731-7EBD-4965-AF67-BCFE4D9CFB5A}.Debug|x86.Build.0 = Debug|Win32
		{8DDF0731-7EBD-4965-AF67-BCFE4D9CFB5A}.Release|x64.ActiveCfg = Release|x64
		{8DDF0731-7EBD-4965-AF67-BCFE4D9CFB5A}.Release|x64.Build.0 = Release|x64
		{8DDF0731-7EBD-4965-AF67-BCFE4D9CFB5A}.Release|x86.ActiveCfg = Release|Win32
		{8DDF0731-7EBD-4965-AF67-BCFE4D9CFB5A}.Release|x86.Build.0 = Release|Win32
	EndGlobalSection
	GlobalSection(SolutionProperties) = preSolution
		HideSolutionNode = FALSE
	EndGlobalSection
	GlobalSection(ExtensibilityGlobals) = postSolution
		SolutionGuid = {19030782-3C46-40CD-A2D4-9F7CC2FDE151}
	EndGlobalSection
EndGlobal
