
Microsoft Visual Studio Solution File, Format Version 12.00
# Visual Studio Version 17
VisualStudioVersion = 17.14.36908.2 d17.14
MinimumVisualStudioVersion = 10.0.40219.1
Project("{8BC9CEB8-8B4A-11D0-8D11-00A0C91BC942}") = "2.50Oppie1this", "2.50Oppie1this\2.50Oppie1this.vcxproj", "{1AFF0072-1431-4C61-8911-A38D4C80A9FD}"
EndProject
Global
	GlobalSection(SolutionConfigurationPlatforms) = preSolution
		Debug|x64 = Debug|x64
		Debug|x86 = Debug|x86
		Release|x64 = Release|x64
		Release|x86 = Release|x86
	EndGlobalSection
	GlobalSection(ProjectConfigurationPlatforms) = postSolution
		{1AFF0072-1431-4C61-8911-A38D4C80A9FD}.Debug|x64.ActiveCfg = Debug|x64
		{1AFF0072-1431-4C61-8911-A38D4C80A9FD}.Debug|x64.Build.0 = Debug|x64
		{1AFF0072-1431-4C61-8911-A38D4C80A9FD}.Debug|x86.ActiveCfg = Debug|Win32
		{1AFF0072-1431-4C61-8911-A38D4C80A9FD}.Debug|x86.Build.0 = Debug|Win32
		{1AFF0072-1431-4C61-8911-A38D4C80A9FD}.Release|x64.ActiveCfg = Release|x64
		{1AFF0072-1431-4C61-8911-A38D4C80A9FD}.Release|x64.Build.0 = Release|x64
		{1AFF0072-1431-4C61-8911-A38D4C80A9FD}.Release|x86.ActiveCfg = Release|Win32
		{1AFF0072-1431-4C61-8911-A38D4C80A9FD}.Release|x86.Build.0 = Release|Win32
	EndGlobalSection
	GlobalSection(SolutionProperties) = preSolution
		HideSolutionNode = FALSE
	EndGlobalSection
	GlobalSection(ExtensibilityGlobals) = postSolution
		SolutionGuid = {91C88E22-AC43-4323-9891-5653EA52A923}
	EndGlobalSection
EndGlobal
