
Microsoft Visual Studio Solution File, Format Version 12.00
# Visual Studio Version 17
VisualStudioVersion = 17.14.36717.8 d17.14
MinimumVisualStudioVersion = 10.0.40219.1
Project("{8BC9CEB8-8B4A-11D0-8D11-00A0C91BC942}") = "1.9Oppie1FuncThtUseParameters", "1.9Oppie1FuncThtUseParameters\1.9Oppie1FuncThtUseParameters.vcxproj", "{499AA8CA-9610-45D1-BBD4-E94198EA94E0}"
EndProject
Global
	GlobalSection(SolutionConfigurationPlatforms) = preSolution
		Debug|x64 = Debug|x64
		Debug|x86 = Debug|x86
		Release|x64 = Release|x64
		Release|x86 = Release|x86
	EndGlobalSection
	GlobalSection(ProjectConfigurationPlatforms) = postSolution
		{499AA8CA-9610-45D1-BBD4-E94198EA94E0}.Debug|x64.ActiveCfg = Debug|x64
		{499AA8CA-9610-45D1-BBD4-E94198EA94E0}.Debug|x64.Build.0 = Debug|x64
		{499AA8CA-9610-45D1-BBD4-E94198EA94E0}.Debug|x86.ActiveCfg = Debug|Win32
		{499AA8CA-9610-45D1-BBD4-E94198EA94E0}.Debug|x86.Build.0 = Debug|Win32
		{499AA8CA-9610-45D1-BBD4-E94198EA94E0}.Release|x64.ActiveCfg = Release|x64
		{499AA8CA-9610-45D1-BBD4-E94198EA94E0}.Release|x64.Build.0 = Release|x64
		{499AA8CA-9610-45D1-BBD4-E94198EA94E0}.Release|x86.ActiveCfg = Release|Win32
		{499AA8CA-9610-45D1-BBD4-E94198EA94E0}.Release|x86.Build.0 = Release|Win32
	EndGlobalSection
	GlobalSection(SolutionProperties) = preSolution
		HideSolutionNode = FALSE
	EndGlobalSection
	GlobalSection(ExtensibilityGlobals) = postSolution
		SolutionGuid = {610AAFFD-9904-43F4-9560-606AED96BA6B}
	EndGlobalSection
EndGlobal
