
Microsoft Visual Studio Solution File, Format Version 12.00
# Visual Studio Version 17
VisualStudioVersion = 17.14.36908.2 d17.14
MinimumVisualStudioVersion = 10.0.40219.1
Project("{8BC9CEB8-8B4A-11D0-8D11-00A0C91BC942}") = "2.61Oppie1ExceptionsJNusNtes", "2.61Oppie1ExceptionsJNusNtes\2.61Oppie1ExceptionsJNusNtes.vcxproj", "{18288F81-AE05-4FC9-A6DC-6C3731513111}"
EndProject
Global
	GlobalSection(SolutionConfigurationPlatforms) = preSolution
		Debug|x64 = Debug|x64
		Debug|x86 = Debug|x86
		Release|x64 = Release|x64
		Release|x86 = Release|x86
	EndGlobalSection
	GlobalSection(ProjectConfigurationPlatforms) = postSolution
		{18288F81-AE05-4FC9-A6DC-6C3731513111}.Debug|x64.ActiveCfg = Debug|x64
		{18288F81-AE05-4FC9-A6DC-6C3731513111}.Debug|x64.Build.0 = Debug|x64
		{18288F81-AE05-4FC9-A6DC-6C3731513111}.Debug|x86.ActiveCfg = Debug|Win32
		{18288F81-AE05-4FC9-A6DC-6C3731513111}.Debug|x86.Build.0 = Debug|Win32
		{18288F81-AE05-4FC9-A6DC-6C3731513111}.Release|x64.ActiveCfg = Release|x64
		{18288F81-AE05-4FC9-A6DC-6C3731513111}.Release|x64.Build.0 = Release|x64
		{18288F81-AE05-4FC9-A6DC-6C3731513111}.Release|x86.ActiveCfg = Release|Win32
		{18288F81-AE05-4FC9-A6DC-6C3731513111}.Release|x86.Build.0 = Release|Win32
	EndGlobalSection
	GlobalSection(SolutionProperties) = preSolution
		HideSolutionNode = FALSE
	EndGlobalSection
	GlobalSection(ExtensibilityGlobals) = postSolution
		SolutionGuid = {E306A5C7-F882-43F3-99A0-2AF543553038}
	EndGlobalSection
EndGlobal
