
Microsoft Visual Studio Solution File, Format Version 12.00
# Visual Studio Version 17
VisualStudioVersion = 17.14.36717.8 d17.14
MinimumVisualStudioVersion = 10.0.40219.1
Project("{8BC9CEB8-8B4A-11D0-8D11-00A0C91BC942}") = "1.17Oppie1WhileLoops", "1.17Oppie1WhileLoops\1.17Oppie1WhileLoops.vcxproj", "{799D425A-3CAE-4139-A7CE-BD2EF92C10D6}"
EndProject
Global
	GlobalSection(SolutionConfigurationPlatforms) = preSolution
		Debug|x64 = Debug|x64
		Debug|x86 = Debug|x86
		Release|x64 = Release|x64
		Release|x86 = Release|x86
	EndGlobalSection
	GlobalSection(ProjectConfigurationPlatforms) = postSolution
		{799D425A-3CAE-4139-A7CE-BD2EF92C10D6}.Debug|x64.ActiveCfg = Debug|x64
		{799D425A-3CAE-4139-A7CE-BD2EF92C10D6}.Debug|x64.Build.0 = Debug|x64
		{799D425A-3CAE-4139-A7CE-BD2EF92C10D6}.Debug|x86.ActiveCfg = Debug|Win32
		{799D425A-3CAE-4139-A7CE-BD2EF92C10D6}.Debug|x86.Build.0 = Debug|Win32
		{799D425A-3CAE-4139-A7CE-BD2EF92C10D6}.Release|x64.ActiveCfg = Release|x64
		{799D425A-3CAE-4139-A7CE-BD2EF92C10D6}.Release|x64.Build.0 = Release|x64
		{799D425A-3CAE-4139-A7CE-BD2EF92C10D6}.Release|x86.ActiveCfg = Release|Win32
		{799D425A-3CAE-4139-A7CE-BD2EF92C10D6}.Release|x86.Build.0 = Release|Win32
	EndGlobalSection
	GlobalSection(SolutionProperties) = preSolution
		HideSolutionNode = FALSE
	EndGlobalSection
	GlobalSection(ExtensibilityGlobals) = postSolution
		SolutionGuid = {11F04A94-AF70-4249-8C83-91A10FAB210A}
	EndGlobalSection
EndGlobal
