
Microsoft Visual Studio Solution File, Format Version 12.00
# Visual Studio Version 17
VisualStudioVersion = 17.14.36717.8 d17.14
MinimumVisualStudioVersion = 10.0.40219.1
Project("{8BC9CEB8-8B4A-11D0-8D11-00A0C91BC942}") = "1.10Oppie1FuncWMultiplParmetrs", "1.10Oppie1FuncWMultiplParmetrs\1.10Oppie1FuncWMultiplParmetrs.vcxproj", "{4F14D3C6-4FB5-46BA-A81E-D3766BA5387A}"
EndProject
Global
	GlobalSection(SolutionConfigurationPlatforms) = preSolution
		Debug|x64 = Debug|x64
		Debug|x86 = Debug|x86
		Release|x64 = Release|x64
		Release|x86 = Release|x86
	EndGlobalSection
	GlobalSection(ProjectConfigurationPlatforms) = postSolution
		{4F14D3C6-4FB5-46BA-A81E-D3766BA5387A}.Debug|x64.ActiveCfg = Debug|x64
		{4F14D3C6-4FB5-46BA-A81E-D3766BA5387A}.Debug|x64.Build.0 = Debug|x64
		{4F14D3C6-4FB5-46BA-A81E-D3766BA5387A}.Debug|x86.ActiveCfg = Debug|Win32
		{4F14D3C6-4FB5-46BA-A81E-D3766BA5387A}.Debug|x86.Build.0 = Debug|Win32
		{4F14D3C6-4FB5-46BA-A81E-D3766BA5387A}.Release|x64.ActiveCfg = Release|x64
		{4F14D3C6-4FB5-46BA-A81E-D3766BA5387A}.Release|x64.Build.0 = Release|x64
		{4F14D3C6-4FB5-46BA-A81E-D3766BA5387A}.Release|x86.ActiveCfg = Release|Win32
		{4F14D3C6-4FB5-46BA-A81E-D3766BA5387A}.Release|x86.Build.0 = Release|Win32
	EndGlobalSection
	GlobalSection(SolutionProperties) = preSolution
		HideSolutionNode = FALSE
	EndGlobalSection
	GlobalSection(ExtensibilityGlobals) = postSolution
		SolutionGuid = {E9FA22E4-9C8D-401E-AD28-3F51137660A0}
	EndGlobalSection
EndGlobal
